// !$*UTF8*$!
{
	archiveVersion = 1;
	classes = {
	};
	objectVersion = 46;
	objects = {

/* Begin PBXBuildFile section */
		E20309391B6FAF4D00BF658F /* PersonalProphecy.swift in Sources */ = {isa = PBXBuildFile; fileRef = E20309381B6FAF4D00BF658F /* PersonalProphecy.swift */; };
		E203093B1B6FB0A500BF658F /* WordOfKnowledge.swift in Sources */ = {isa = PBXBuildFile; fileRef = E203093A1B6FB0A500BF658F /* WordOfKnowledge.swift */; };
		E203093D1B6FB1EB00BF658F /* WordOfWisdom.swift in Sources */ = {isa = PBXBuildFile; fileRef = E203093C1B6FB1EB00BF658F /* WordOfWisdom.swift */; };
		E203093F1B6FB25D00BF658F /* Assurance.swift in Sources */ = {isa = PBXBuildFile; fileRef = E203093E1B6FB25D00BF658F /* Assurance.swift */; };
		E20309411B6FB5C300BF658F /* OriginDiscernment.swift in Sources */ = {isa = PBXBuildFile; fileRef = E20309401B6FB5C200BF658F /* OriginDiscernment.swift */; };
		E20309431B6FB77300BF658F /* PrayerInTheSpirit.swift in Sources */ = {isa = PBXBuildFile; fileRef = E20309421B6FB77300BF658F /* PrayerInTheSpirit.swift */; };
		E20309451B6FB86100BF658F /* Interpretation.swift in Sources */ = {isa = PBXBuildFile; fileRef = E20309441B6FB86100BF658F /* Interpretation.swift */; };
		E20309471B6FBED300BF658F /* PersonalEncouragement.swift in Sources */ = {isa = PBXBuildFile; fileRef = E20309461B6FBED300BF658F /* PersonalEncouragement.swift */; };
		E20309491B6FC01D00BF658F /* Servanthood.swift in Sources */ = {isa = PBXBuildFile; fileRef = E20309481B6FC01D00BF658F /* Servanthood.swift */; };
		E203094B1B6FC0E300BF658F /* OneOnOneTeaching.swift in Sources */ = {isa = PBXBuildFile; fileRef = E203094A1B6FC0E300BF658F /* OneOnOneTeaching.swift */; };
		E203094D1B6FC1B400BF658F /* CheerfulGiving.swift in Sources */ = {isa = PBXBuildFile; fileRef = E203094C1B6FC1B400BF658F /* CheerfulGiving.swift */; };
		E203094F1B6FC29400BF658F /* PartyLeadership.swift in Sources */ = {isa = PBXBuildFile; fileRef = E203094E1B6FC29400BF658F /* PartyLeadership.swift */; };
		E20309511B6FC43400BF658F /* FeedingThePoor.swift in Sources */ = {isa = PBXBuildFile; fileRef = E20309501B6FC43400BF658F /* FeedingThePoor.swift */; };
		E20309531B6FC56700BF658F /* Celibate.swift in Sources */ = {isa = PBXBuildFile; fileRef = E20309521B6FC56700BF658F /* Celibate.swift */; };
		E20309551B6FC69D00BF658F /* Hospitality.swift in Sources */ = {isa = PBXBuildFile; fileRef = E20309541B6FC69D00BF658F /* Hospitality.swift */; };
		E20309571B6FC82A00BF658F /* Missionary.swift in Sources */ = {isa = PBXBuildFile; fileRef = E20309561B6FC82A00BF658F /* Missionary.swift */; };
		E211865E1B697CE2005E9AA3 /* PhysicalHealing.swift in Sources */ = {isa = PBXBuildFile; fileRef = E211865D1B697CE2005E9AA3 /* PhysicalHealing.swift */; };
		E21325D01B7048AB00B1304F /* ShowImageButton.swift in Sources */ = {isa = PBXBuildFile; fileRef = E21325CF1B7048AB00B1304F /* ShowImageButton.swift */; };
		E21B458D1AE04E8F007F10C5 /* AppDelegate.swift in Sources */ = {isa = PBXBuildFile; fileRef = E21B458C1AE04E8F007F10C5 /* AppDelegate.swift */; };
		E21B458F1AE04E8F007F10C5 /* GameScene.swift in Sources */ = {isa = PBXBuildFile; fileRef = E21B458E1AE04E8F007F10C5 /* GameScene.swift */; };
		E21B45911AE04E8F007F10C5 /* GameScene.sks in Resources */ = {isa = PBXBuildFile; fileRef = E21B45901AE04E8F007F10C5 /* GameScene.sks */; };
		E21B45931AE04E8F007F10C5 /* Images.xcassets in Resources */ = {isa = PBXBuildFile; fileRef = E21B45921AE04E8F007F10C5 /* Images.xcassets */; };
		E21B45961AE04E8F007F10C5 /* MainMenu.xib in Resources */ = {isa = PBXBuildFile; fileRef = E21B45941AE04E8F007F10C5 /* MainMenu.xib */; };
		E21B45A21AE04E8F007F10C5 /* AnointedTests.swift in Sources */ = {isa = PBXBuildFile; fileRef = E21B45A11AE04E8F007F10C5 /* AnointedTests.swift */; };
		E21B45BF1AE04EF6007F10C5 /* BibleEvent.swift in Sources */ = {isa = PBXBuildFile; fileRef = E21B45AD1AE04EF6007F10C5 /* BibleEvent.swift */; };
		E21B45C01AE04EF6007F10C5 /* Building.swift in Sources */ = {isa = PBXBuildFile; fileRef = E21B45AE1AE04EF6007F10C5 /* Building.swift */; };
		E21B45C11AE04EF6007F10C5 /* City.swift in Sources */ = {isa = PBXBuildFile; fileRef = E21B45AF1AE04EF6007F10C5 /* City.swift */; };
		E21B45C21AE04EF6007F10C5 /* Conversation.swift in Sources */ = {isa = PBXBuildFile; fileRef = E21B45B01AE04EF6007F10C5 /* Conversation.swift */; };
		E21B45C31AE04EF6007F10C5 /* GameCharacter.swift in Sources */ = {isa = PBXBuildFile; fileRef = E21B45B11AE04EF6007F10C5 /* GameCharacter.swift */; };
		E21B45C41AE04EF6007F10C5 /* GameWorld.swift in Sources */ = {isa = PBXBuildFile; fileRef = E21B45B21AE04EF6007F10C5 /* GameWorld.swift */; };
		E21B45C51AE04EF6007F10C5 /* Global.swift in Sources */ = {isa = PBXBuildFile; fileRef = E21B45B31AE04EF6007F10C5 /* Global.swift */; };
		E21B45C61AE04EF6007F10C5 /* Item.swift in Sources */ = {isa = PBXBuildFile; fileRef = E21B45B41AE04EF6007F10C5 /* Item.swift */; };
		E21B45C71AE04EF6007F10C5 /* Knowledge.swift in Sources */ = {isa = PBXBuildFile; fileRef = E21B45B51AE04EF6007F10C5 /* Knowledge.swift */; };
		E21B45C81AE04EF6007F10C5 /* Location.swift in Sources */ = {isa = PBXBuildFile; fileRef = E21B45B61AE04EF6007F10C5 /* Location.swift */; };
		E21B45CA1AE04EF6007F10C5 /* NonPlayingCharacter.swift in Sources */ = {isa = PBXBuildFile; fileRef = E21B45B81AE04EF6007F10C5 /* NonPlayingCharacter.swift */; };
		E21B45CB1AE04EF6007F10C5 /* Room.swift in Sources */ = {isa = PBXBuildFile; fileRef = E21B45B91AE04EF6007F10C5 /* Room.swift */; };
		E21B45CC1AE04EF6007F10C5 /* Skill.swift in Sources */ = {isa = PBXBuildFile; fileRef = E21B45BA1AE04EF6007F10C5 /* Skill.swift */; };
		E21B45CD1AE04EF6007F10C5 /* SpiritualGift.swift in Sources */ = {isa = PBXBuildFile; fileRef = E21B45BB1AE04EF6007F10C5 /* SpiritualGift.swift */; };
		E21B45CE1AE04EF6007F10C5 /* Understanding.swift in Sources */ = {isa = PBXBuildFile; fileRef = E21B45BC1AE04EF6007F10C5 /* Understanding.swift */; };
		E21B45CF1AE04EF6007F10C5 /* Wisdom.swift in Sources */ = {isa = PBXBuildFile; fileRef = E21B45BD1AE04EF6007F10C5 /* Wisdom.swift */; };
		E21B45D01AE04EF6007F10C5 /* WorldMap.swift in Sources */ = {isa = PBXBuildFile; fileRef = E21B45BE1AE04EF6007F10C5 /* WorldMap.swift */; };
		E22424081B03E399002BE6EB /* BackgroundMusicA.mp3 in Resources */ = {isa = PBXBuildFile; fileRef = E22424071B03E399002BE6EB /* BackgroundMusicA.mp3 */; };
		E24EA3271BAC92E000716B5D /* PlaySoundButton.swift in Sources */ = {isa = PBXBuildFile; fileRef = E24EA3261BAC92E000716B5D /* PlaySoundButton.swift */; };
		E2522A891AE05C9E00EDD89A /* TanakhENG.txt in Resources */ = {isa = PBXBuildFile; fileRef = E2522A881AE05C9E00EDD89A /* TanakhENG.txt */; };
		E2522A8B1AE0631900EDD89A /* Scroll.swift in Sources */ = {isa = PBXBuildFile; fileRef = E2522A8A1AE0631900EDD89A /* Scroll.swift */; };
		E2522A8D1AE06B4D00EDD89A /* Psalm 139Hebrew.txt in Resources */ = {isa = PBXBuildFile; fileRef = E2522A8C1AE06B4D00EDD89A /* Psalm 139Hebrew.txt */; };
		E2522A8F1AE06DBE00EDD89A /* Psalm 139ENG.txt in Resources */ = {isa = PBXBuildFile; fileRef = E2522A8E1AE06DBE00EDD89A /* Psalm 139ENG.txt */; };
		E2522A911AE07ABA00EDD89A /* GridSquare.swift in Sources */ = {isa = PBXBuildFile; fileRef = E2522A901AE07ABA00EDD89A /* GridSquare.swift */; };
		E2643B9F1B5DD9FC006C280C /* ToolTipSpriteNode.swift in Sources */ = {isa = PBXBuildFile; fileRef = E2643B9E1B5DD9FC006C280C /* ToolTipSpriteNode.swift */; };
		E2790D4F1B8117A900702F50 /* Psalm 139ENG.mp3 in Resources */ = {isa = PBXBuildFile; fileRef = E2790D4E1B8117A900702F50 /* Psalm 139ENG.mp3 */; };
		E28C4A511B4D7FC4001CD4A7 /* Tentmaking.swift in Sources */ = {isa = PBXBuildFile; fileRef = E28C4A501B4D7FC4001CD4A7 /* Tentmaking.swift */; };
		E29307D51BAE61B9009F8B6A /* StudySectionLabel.swift in Sources */ = {isa = PBXBuildFile; fileRef = E29307D41BAE61B9009F8B6A /* StudySectionLabel.swift */; };
		E2BE7A621B88274300A57242 /* Psalm 139Hebrew.mp3 in Resources */ = {isa = PBXBuildFile; fileRef = E2BE7A611B88274300A57242 /* Psalm 139Hebrew.mp3 */; };
		E2BE7A641B8A615D00A57242 /* MenuItem.swift in Sources */ = {isa = PBXBuildFile; fileRef = E2BE7A631B8A615D00A57242 /* MenuItem.swift */; };
		E2BE7A6A1B8AA68A00A57242 /* HoverText.swift in Sources */ = {isa = PBXBuildFile; fileRef = E2BE7A691B8AA68A00A57242 /* HoverText.swift */; };
		E2D52D611AEC88900008879C /* SKMultiLineLabel.swift in Sources */ = {isa = PBXBuildFile; fileRef = E2D52D601AEC88900008879C /* SKMultiLineLabel.swift */; };
		E2D52D631AEDE7670008879C /* Animal.swift in Sources */ = {isa = PBXBuildFile; fileRef = E2D52D621AEDE7670008879C /* Animal.swift */; };
		E2F5473B1B5D2C43004F96D0 /* Winemaking.swift in Sources */ = {isa = PBXBuildFile; fileRef = E2F5473A1B5D2C43004F96D0 /* Winemaking.swift */; };
/* End PBXBuildFile section */

/* Begin PBXContainerItemProxy section */
		E21B459C1AE04E8F007F10C5 /* PBXContainerItemProxy */ = {
			isa = PBXContainerItemProxy;
			containerPortal = E21B457F1AE04E8F007F10C5 /* Project object */;
			proxyType = 1;
			remoteGlobalIDString = E21B45861AE04E8F007F10C5;
			remoteInfo = Anointed;
		};
/* End PBXContainerItemProxy section */

/* Begin PBXFileReference section */
		E20309381B6FAF4D00BF658F /* PersonalProphecy.swift */ = {isa = PBXFileReference; fileEncoding = 4; lastKnownFileType = sourcecode.swift; path = PersonalProphecy.swift; sourceTree = "<group>"; };
		E203093A1B6FB0A500BF658F /* WordOfKnowledge.swift */ = {isa = PBXFileReference; fileEncoding = 4; lastKnownFileType = sourcecode.swift; path = WordOfKnowledge.swift; sourceTree = "<group>"; };
		E203093C1B6FB1EB00BF658F /* WordOfWisdom.swift */ = {isa = PBXFileReference; fileEncoding = 4; lastKnownFileType = sourcecode.swift; path = WordOfWisdom.swift; sourceTree = "<group>"; };
		E203093E1B6FB25D00BF658F /* Assurance.swift */ = {isa = PBXFileReference; fileEncoding = 4; lastKnownFileType = sourcecode.swift; path = Assurance.swift; sourceTree = "<group>"; };
		E20309401B6FB5C200BF658F /* OriginDiscernment.swift */ = {isa = PBXFileReference; fileEncoding = 4; lastKnownFileType = sourcecode.swift; path = OriginDiscernment.swift; sourceTree = "<group>"; };
		E20309421B6FB77300BF658F /* PrayerInTheSpirit.swift */ = {isa = PBXFileReference; fileEncoding = 4; lastKnownFileType = sourcecode.swift; path = PrayerInTheSpirit.swift; sourceTree = "<group>"; };
		E20309441B6FB86100BF658F /* Interpretation.swift */ = {isa = PBXFileReference; fileEncoding = 4; lastKnownFileType = sourcecode.swift; path = Interpretation.swift; sourceTree = "<group>"; };
		E20309461B6FBED300BF658F /* PersonalEncouragement.swift */ = {isa = PBXFileReference; fileEncoding = 4; lastKnownFileType = sourcecode.swift; path = PersonalEncouragement.swift; sourceTree = "<group>"; };
		E20309481B6FC01D00BF658F /* Servanthood.swift */ = {isa = PBXFileReference; fileEncoding = 4; lastKnownFileType = sourcecode.swift; path = Servanthood.swift; sourceTree = "<group>"; };
		E203094A1B6FC0E300BF658F /* OneOnOneTeaching.swift */ = {isa = PBXFileReference; fileEncoding = 4; lastKnownFileType = sourcecode.swift; path = OneOnOneTeaching.swift; sourceTree = "<group>"; };
		E203094C1B6FC1B400BF658F /* CheerfulGiving.swift */ = {isa = PBXFileReference; fileEncoding = 4; lastKnownFileType = sourcecode.swift; path = CheerfulGiving.swift; sourceTree = "<group>"; };
		E203094E1B6FC29400BF658F /* PartyLeadership.swift */ = {isa = PBXFileReference; fileEncoding = 4; lastKnownFileType = sourcecode.swift; path = PartyLeadership.swift; sourceTree = "<group>"; };
		E20309501B6FC43400BF658F /* FeedingThePoor.swift */ = {isa = PBXFileReference; fileEncoding = 4; lastKnownFileType = sourcecode.swift; path = FeedingThePoor.swift; sourceTree = "<group>"; };
		E20309521B6FC56700BF658F /* Celibate.swift */ = {isa = PBXFileReference; fileEncoding = 4; lastKnownFileType = sourcecode.swift; path = Celibate.swift; sourceTree = "<group>"; };
		E20309541B6FC69D00BF658F /* Hospitality.swift */ = {isa = PBXFileReference; fileEncoding = 4; lastKnownFileType = sourcecode.swift; path = Hospitality.swift; sourceTree = "<group>"; };
		E20309561B6FC82A00BF658F /* Missionary.swift */ = {isa = PBXFileReference; fileEncoding = 4; lastKnownFileType = sourcecode.swift; path = Missionary.swift; sourceTree = "<group>"; };
		E211865D1B697CE2005E9AA3 /* PhysicalHealing.swift */ = {isa = PBXFileReference; fileEncoding = 4; lastKnownFileType = sourcecode.swift; path = PhysicalHealing.swift; sourceTree = "<group>"; };
		E21325CF1B7048AB00B1304F /* ShowImageButton.swift */ = {isa = PBXFileReference; fileEncoding = 4; lastKnownFileType = sourcecode.swift; path = ShowImageButton.swift; sourceTree = "<group>"; };
		E21B45871AE04E8F007F10C5 /* Anointed.app */ = {isa = PBXFileReference; explicitFileType = wrapper.application; includeInIndex = 0; path = Anointed.app; sourceTree = BUILT_PRODUCTS_DIR; };
		E21B458B1AE04E8F007F10C5 /* Info.plist */ = {isa = PBXFileReference; lastKnownFileType = text.plist.xml; path = Info.plist; sourceTree = "<group>"; };
		E21B458C1AE04E8F007F10C5 /* AppDelegate.swift */ = {isa = PBXFileReference; lastKnownFileType = sourcecode.swift; path = AppDelegate.swift; sourceTree = "<group>"; };
		E21B458E1AE04E8F007F10C5 /* GameScene.swift */ = {isa = PBXFileReference; lastKnownFileType = sourcecode.swift; path = GameScene.swift; sourceTree = "<group>"; wrapsLines = 1; };
		E21B45901AE04E8F007F10C5 /* GameScene.sks */ = {isa = PBXFileReference; lastKnownFileType = file.sks; path = GameScene.sks; sourceTree = "<group>"; };
		E21B45921AE04E8F007F10C5 /* Images.xcassets */ = {isa = PBXFileReference; lastKnownFileType = folder.assetcatalog; path = Images.xcassets; sourceTree = "<group>"; };
		E21B45951AE04E8F007F10C5 /* Base */ = {isa = PBXFileReference; lastKnownFileType = file.xib; name = Base; path = Base.lproj/MainMenu.xib; sourceTree = "<group>"; };
		E21B459B1AE04E8F007F10C5 /* AnointedTests.xctest */ = {isa = PBXFileReference; explicitFileType = wrapper.cfbundle; includeInIndex = 0; path = AnointedTests.xctest; sourceTree = BUILT_PRODUCTS_DIR; };
		E21B45A01AE04E8F007F10C5 /* Info.plist */ = {isa = PBXFileReference; lastKnownFileType = text.plist.xml; path = Info.plist; sourceTree = "<group>"; };
		E21B45A11AE04E8F007F10C5 /* AnointedTests.swift */ = {isa = PBXFileReference; lastKnownFileType = sourcecode.swift; path = AnointedTests.swift; sourceTree = "<group>"; };
		E21B45AD1AE04EF6007F10C5 /* BibleEvent.swift */ = {isa = PBXFileReference; fileEncoding = 4; lastKnownFileType = sourcecode.swift; path = BibleEvent.swift; sourceTree = "<group>"; };
		E21B45AE1AE04EF6007F10C5 /* Building.swift */ = {isa = PBXFileReference; fileEncoding = 4; lastKnownFileType = sourcecode.swift; path = Building.swift; sourceTree = "<group>"; };
		E21B45AF1AE04EF6007F10C5 /* City.swift */ = {isa = PBXFileReference; fileEncoding = 4; lastKnownFileType = sourcecode.swift; path = City.swift; sourceTree = "<group>"; };
		E21B45B01AE04EF6007F10C5 /* Conversation.swift */ = {isa = PBXFileReference; fileEncoding = 4; lastKnownFileType = sourcecode.swift; path = Conversation.swift; sourceTree = "<group>"; };
		E21B45B11AE04EF6007F10C5 /* GameCharacter.swift */ = {isa = PBXFileReference; fileEncoding = 4; lastKnownFileType = sourcecode.swift; path = GameCharacter.swift; sourceTree = "<group>"; };
		E21B45B21AE04EF6007F10C5 /* GameWorld.swift */ = {isa = PBXFileReference; fileEncoding = 4; lastKnownFileType = sourcecode.swift; path = GameWorld.swift; sourceTree = "<group>"; };
		E21B45B31AE04EF6007F10C5 /* Global.swift */ = {isa = PBXFileReference; fileEncoding = 4; lastKnownFileType = sourcecode.swift; path = Global.swift; sourceTree = "<group>"; };
		E21B45B41AE04EF6007F10C5 /* Item.swift */ = {isa = PBXFileReference; fileEncoding = 4; lastKnownFileType = sourcecode.swift; path = Item.swift; sourceTree = "<group>"; };
		E21B45B51AE04EF6007F10C5 /* Knowledge.swift */ = {isa = PBXFileReference; fileEncoding = 4; lastKnownFileType = sourcecode.swift; path = Knowledge.swift; sourceTree = "<group>"; };
		E21B45B61AE04EF6007F10C5 /* Location.swift */ = {isa = PBXFileReference; fileEncoding = 4; lastKnownFileType = sourcecode.swift; path = Location.swift; sourceTree = "<group>"; };
		E21B45B81AE04EF6007F10C5 /* NonPlayingCharacter.swift */ = {isa = PBXFileReference; fileEncoding = 4; lastKnownFileType = sourcecode.swift; path = NonPlayingCharacter.swift; sourceTree = "<group>"; };
		E21B45B91AE04EF6007F10C5 /* Room.swift */ = {isa = PBXFileReference; fileEncoding = 4; lastKnownFileType = sourcecode.swift; path = Room.swift; sourceTree = "<group>"; };
		E21B45BA1AE04EF6007F10C5 /* Skill.swift */ = {isa = PBXFileReference; fileEncoding = 4; lastKnownFileType = sourcecode.swift; path = Skill.swift; sourceTree = "<group>"; };
		E21B45BB1AE04EF6007F10C5 /* SpiritualGift.swift */ = {isa = PBXFileReference; fileEncoding = 4; lastKnownFileType = sourcecode.swift; path = SpiritualGift.swift; sourceTree = "<group>"; };
		E21B45BC1AE04EF6007F10C5 /* Understanding.swift */ = {isa = PBXFileReference; fileEncoding = 4; lastKnownFileType = sourcecode.swift; path = Understanding.swift; sourceTree = "<group>"; };
		E21B45BD1AE04EF6007F10C5 /* Wisdom.swift */ = {isa = PBXFileReference; fileEncoding = 4; lastKnownFileType = sourcecode.swift; path = Wisdom.swift; sourceTree = "<group>"; };
		E21B45BE1AE04EF6007F10C5 /* WorldMap.swift */ = {isa = PBXFileReference; fileEncoding = 4; lastKnownFileType = sourcecode.swift; path = WorldMap.swift; sourceTree = "<group>"; };
		E22424071B03E399002BE6EB /* BackgroundMusicA.mp3 */ = {isa = PBXFileReference; lastKnownFileType = audio.mp3; path = BackgroundMusicA.mp3; sourceTree = "<group>"; };
		E24EA3261BAC92E000716B5D /* PlaySoundButton.swift */ = {isa = PBXFileReference; fileEncoding = 4; lastKnownFileType = sourcecode.swift; path = PlaySoundButton.swift; sourceTree = "<group>"; };
		E2522A881AE05C9E00EDD89A /* TanakhENG.txt */ = {isa = PBXFileReference; fileEncoding = 4; lastKnownFileType = text; path = TanakhENG.txt; sourceTree = "<group>"; };
		E2522A8A1AE0631900EDD89A /* Scroll.swift */ = {isa = PBXFileReference; fileEncoding = 4; lastKnownFileType = sourcecode.swift; path = Scroll.swift; sourceTree = "<group>"; };
		E2522A8C1AE06B4D00EDD89A /* Psalm 139Hebrew.txt */ = {isa = PBXFileReference; fileEncoding = 4; lastKnownFileType = text; path = "Psalm 139Hebrew.txt"; sourceTree = "<group>"; };
		E2522A8E1AE06DBE00EDD89A /* Psalm 139ENG.txt */ = {isa = PBXFileReference; fileEncoding = 4; lastKnownFileType = text; path = "Psalm 139ENG.txt"; sourceTree = "<group>"; };
		E2522A901AE07ABA00EDD89A /* GridSquare.swift */ = {isa = PBXFileReference; fileEncoding = 4; lastKnownFileType = sourcecode.swift; path = GridSquare.swift; sourceTree = "<group>"; };
		E2643B9E1B5DD9FC006C280C /* ToolTipSpriteNode.swift */ = {isa = PBXFileReference; fileEncoding = 4; lastKnownFileType = sourcecode.swift; path = ToolTipSpriteNode.swift; sourceTree = "<group>"; };
		E2790D4E1B8117A900702F50 /* Psalm 139ENG.mp3 */ = {isa = PBXFileReference; lastKnownFileType = audio.mp3; path = "Psalm 139ENG.mp3"; sourceTree = "<group>"; };
		E28C4A501B4D7FC4001CD4A7 /* Tentmaking.swift */ = {isa = PBXFileReference; fileEncoding = 4; lastKnownFileType = sourcecode.swift; path = Tentmaking.swift; sourceTree = "<group>"; };
		E29307D41BAE61B9009F8B6A /* StudySectionLabel.swift */ = {isa = PBXFileReference; fileEncoding = 4; lastKnownFileType = sourcecode.swift; path = StudySectionLabel.swift; sourceTree = "<group>"; };
		E2BE7A611B88274300A57242 /* Psalm 139Hebrew.mp3 */ = {isa = PBXFileReference; lastKnownFileType = audio.mp3; path = "Psalm 139Hebrew.mp3"; sourceTree = "<group>"; };
		E2BE7A631B8A615D00A57242 /* MenuItem.swift */ = {isa = PBXFileReference; fileEncoding = 4; lastKnownFileType = sourcecode.swift; path = MenuItem.swift; sourceTree = "<group>"; };
		E2BE7A691B8AA68A00A57242 /* HoverText.swift */ = {isa = PBXFileReference; fileEncoding = 4; lastKnownFileType = sourcecode.swift; path = HoverText.swift; sourceTree = "<group>"; };
		E2D52D601AEC88900008879C /* SKMultiLineLabel.swift */ = {isa = PBXFileReference; fileEncoding = 4; lastKnownFileType = sourcecode.swift; path = SKMultiLineLabel.swift; sourceTree = "<group>"; wrapsLines = 0; };
		E2D52D621AEDE7670008879C /* Animal.swift */ = {isa = PBXFileReference; fileEncoding = 4; lastKnownFileType = sourcecode.swift; path = Animal.swift; sourceTree = "<group>"; };
		E2F5473A1B5D2C43004F96D0 /* Winemaking.swift */ = {isa = PBXFileReference; fileEncoding = 4; lastKnownFileType = sourcecode.swift; path = Winemaking.swift; sourceTree = "<group>"; };
/* End PBXFileReference section */

/* Begin PBXFrameworksBuildPhase section */
		E21B45841AE04E8F007F10C5 /* Frameworks */ = {
			isa = PBXFrameworksBuildPhase;
			buildActionMask = 2147483647;
			files = (
			);
			runOnlyForDeploymentPostprocessing = 0;
		};
		E21B45981AE04E8F007F10C5 /* Frameworks */ = {
			isa = PBXFrameworksBuildPhase;
			buildActionMask = 2147483647;
			files = (
			);
			runOnlyForDeploymentPostprocessing = 0;
		};
/* End PBXFrameworksBuildPhase section */

/* Begin PBXGroup section */
		E21B457E1AE04E8F007F10C5 = {
			isa = PBXGroup;
			children = (
				E21B45891AE04E8F007F10C5 /* Anointed */,
				E21B459E1AE04E8F007F10C5 /* AnointedTests */,
				E21B45881AE04E8F007F10C5 /* Products */,
			);
			sourceTree = "<group>";
		};
		E21B45881AE04E8F007F10C5 /* Products */ = {
			isa = PBXGroup;
			children = (
				E21B45871AE04E8F007F10C5 /* Anointed.app */,
				E21B459B1AE04E8F007F10C5 /* AnointedTests.xctest */,
			);
			name = Products;
			sourceTree = "<group>";
		};
		E21B45891AE04E8F007F10C5 /* Anointed */ = {
			isa = PBXGroup;
			children = (
				E2D52D621AEDE7670008879C /* Animal.swift */,
				E21B458C1AE04E8F007F10C5 /* AppDelegate.swift */,
				E203093E1B6FB25D00BF658F /* Assurance.swift */,
				E22424071B03E399002BE6EB /* BackgroundMusicA.mp3 */,
				E21B45AD1AE04EF6007F10C5 /* BibleEvent.swift */,
				E21B45AE1AE04EF6007F10C5 /* Building.swift */,
				E20309521B6FC56700BF658F /* Celibate.swift */,
				E203094C1B6FC1B400BF658F /* CheerfulGiving.swift */,
				E21B45AF1AE04EF6007F10C5 /* City.swift */,
				E21B45B01AE04EF6007F10C5 /* Conversation.swift */,
				E20309501B6FC43400BF658F /* FeedingThePoor.swift */,
				E21B45B11AE04EF6007F10C5 /* GameCharacter.swift */,
				E21B45901AE04E8F007F10C5 /* GameScene.sks */,
				E21B458E1AE04E8F007F10C5 /* GameScene.swift */,
				E21B45B21AE04EF6007F10C5 /* GameWorld.swift */,
				E21B45B31AE04EF6007F10C5 /* Global.swift */,
				E2522A901AE07ABA00EDD89A /* GridSquare.swift */,
				E20309541B6FC69D00BF658F /* Hospitality.swift */,
				E2BE7A691B8AA68A00A57242 /* HoverText.swift */,
				E21B45921AE04E8F007F10C5 /* Images.xcassets */,
				E20309441B6FB86100BF658F /* Interpretation.swift */,
				E21B45B41AE04EF6007F10C5 /* Item.swift */,
				E21B45B51AE04EF6007F10C5 /* Knowledge.swift */,
				E21B45B61AE04EF6007F10C5 /* Location.swift */,
				E21B45941AE04E8F007F10C5 /* MainMenu.xib */,
				E2BE7A631B8A615D00A57242 /* MenuItem.swift */,
				E20309561B6FC82A00BF658F /* Missionary.swift */,
				E21B45B81AE04EF6007F10C5 /* NonPlayingCharacter.swift */,
				E203094A1B6FC0E300BF658F /* OneOnOneTeaching.swift */,
				E20309401B6FB5C200BF658F /* OriginDiscernment.swift */,
				E203094E1B6FC29400BF658F /* PartyLeadership.swift */,
				E20309461B6FBED300BF658F /* PersonalEncouragement.swift */,
				E20309381B6FAF4D00BF658F /* PersonalProphecy.swift */,
				E211865D1B697CE2005E9AA3 /* PhysicalHealing.swift */,
				E20309421B6FB77300BF658F /* PrayerInTheSpirit.swift */,
				E2790D4E1B8117A900702F50 /* Psalm 139ENG.mp3 */,
				E2522A8E1AE06DBE00EDD89A /* Psalm 139ENG.txt */,
				E2BE7A611B88274300A57242 /* Psalm 139Hebrew.mp3 */,
				E2522A8C1AE06B4D00EDD89A /* Psalm 139Hebrew.txt */,
				E21B45B91AE04EF6007F10C5 /* Room.swift */,
				E2522A8A1AE0631900EDD89A /* Scroll.swift */,
				E29307D41BAE61B9009F8B6A /* StudySectionLabel.swift */,
				E20309481B6FC01D00BF658F /* Servanthood.swift */,
				E21325CF1B7048AB00B1304F /* ShowImageButton.swift */,
				E24EA3261BAC92E000716B5D /* PlaySoundButton.swift */,
				E21B45BA1AE04EF6007F10C5 /* Skill.swift */,
				E2D52D601AEC88900008879C /* SKMultiLineLabel.swift */,
				E21B45BB1AE04EF6007F10C5 /* SpiritualGift.swift */,
				E21B458A1AE04E8F007F10C5 /* Supporting Files */,
				E2522A881AE05C9E00EDD89A /* TanakhENG.txt */,
				E28C4A501B4D7FC4001CD4A7 /* Tentmaking.swift */,
				E2643B9E1B5DD9FC006C280C /* ToolTipSpriteNode.swift */,
				E21B45BC1AE04EF6007F10C5 /* Understanding.swift */,
				E2F5473A1B5D2C43004F96D0 /* Winemaking.swift */,
				E21B45BD1AE04EF6007F10C5 /* Wisdom.swift */,
				E203093A1B6FB0A500BF658F /* WordOfKnowledge.swift */,
				E203093C1B6FB1EB00BF658F /* WordOfWisdom.swift */,
				E21B45BE1AE04EF6007F10C5 /* WorldMap.swift */,
			);
			path = Anointed;
			sourceTree = "<group>";
		};
		E21B458A1AE04E8F007F10C5 /* Supporting Files */ = {
			isa = PBXGroup;
			children = (
				E21B458B1AE04E8F007F10C5 /* Info.plist */,
			);
			name = "Supporting Files";
			sourceTree = "<group>";
		};
		E21B459E1AE04E8F007F10C5 /* AnointedTests */ = {
			isa = PBXGroup;
			children = (
				E21B45A11AE04E8F007F10C5 /* AnointedTests.swift */,
				E21B459F1AE04E8F007F10C5 /* Supporting Files */,
			);
			path = AnointedTests;
			sourceTree = "<group>";
		};
		E21B459F1AE04E8F007F10C5 /* Supporting Files */ = {
			isa = PBXGroup;
			children = (
				E21B45A01AE04E8F007F10C5 /* Info.plist */,
			);
			name = "Supporting Files";
			sourceTree = "<group>";
		};
/* End PBXGroup section */

/* Begin PBXNativeTarget section */
		E21B45861AE04E8F007F10C5 /* Anointed */ = {
			isa = PBXNativeTarget;
			buildConfigurationList = E21B45A51AE04E8F007F10C5 /* Build configuration list for PBXNativeTarget "Anointed" */;
			buildPhases = (
				E21B45831AE04E8F007F10C5 /* Sources */,
				E21B45841AE04E8F007F10C5 /* Frameworks */,
				E21B45851AE04E8F007F10C5 /* Resources */,
			);
			buildRules = (
			);
			dependencies = (
			);
			name = Anointed;
			productName = Anointed;
			productReference = E21B45871AE04E8F007F10C5 /* Anointed.app */;
			productType = "com.apple.product-type.application";
		};
		E21B459A1AE04E8F007F10C5 /* AnointedTests */ = {
			isa = PBXNativeTarget;
			buildConfigurationList = E21B45A81AE04E8F007F10C5 /* Build configuration list for PBXNativeTarget "AnointedTests" */;
			buildPhases = (
				E21B45971AE04E8F007F10C5 /* Sources */,
				E21B45981AE04E8F007F10C5 /* Frameworks */,
				E21B45991AE04E8F007F10C5 /* Resources */,
			);
			buildRules = (
			);
			dependencies = (
				E21B459D1AE04E8F007F10C5 /* PBXTargetDependency */,
			);
			name = AnointedTests;
			productName = AnointedTests;
			productReference = E21B459B1AE04E8F007F10C5 /* AnointedTests.xctest */;
			productType = "com.apple.product-type.bundle.unit-test";
		};
/* End PBXNativeTarget section */

/* Begin PBXProject section */
		E21B457F1AE04E8F007F10C5 /* Project object */ = {
			isa = PBXProject;
			attributes = {
				LastSwiftMigration = 0700;
				LastSwiftUpdateCheck = 0700;
				LastUpgradeCheck = 0700;
				ORGANIZATIONNAME = "ThinkMac Innovations";
				TargetAttributes = {
					E21B45861AE04E8F007F10C5 = {
						CreatedOnToolsVersion = 6.3;
					};
					E21B459A1AE04E8F007F10C5 = {
						CreatedOnToolsVersion = 6.3;
						TestTargetID = E21B45861AE04E8F007F10C5;
					};
				};
			};
			buildConfigurationList = E21B45821AE04E8F007F10C5 /* Build configuration list for PBXProject "Anointed" */;
			compatibilityVersion = "Xcode 3.2";
			developmentRegion = English;
			hasScannedForEncodings = 0;
			knownRegions = (
				en,
				Base,
			);
			mainGroup = E21B457E1AE04E8F007F10C5;
			productRefGroup = E21B45881AE04E8F007F10C5 /* Products */;
			projectDirPath = "";
			projectRoot = "";
			targets = (
				E21B45861AE04E8F007F10C5 /* Anointed */,
				E21B459A1AE04E8F007F10C5 /* AnointedTests */,
			);
		};
/* End PBXProject section */

/* Begin PBXResourcesBuildPhase section */
		E21B45851AE04E8F007F10C5 /* Resources */ = {
			isa = PBXResourcesBuildPhase;
			buildActionMask = 2147483647;
			files = (
				E2522A8F1AE06DBE00EDD89A /* Psalm 139ENG.txt in Resources */,
				E2522A891AE05C9E00EDD89A /* TanakhENG.txt in Resources */,
				E2BE7A621B88274300A57242 /* Psalm 139Hebrew.mp3 in Resources */,
				E22424081B03E399002BE6EB /* BackgroundMusicA.mp3 in Resources */,
				E2522A8D1AE06B4D00EDD89A /* Psalm 139Hebrew.txt in Resources */,
				E2790D4F1B8117A900702F50 /* Psalm 139ENG.mp3 in Resources */,
				E21B45911AE04E8F007F10C5 /* GameScene.sks in Resources */,
				E21B45931AE04E8F007F10C5 /* Images.xcassets in Resources */,
				E21B45961AE04E8F007F10C5 /* MainMenu.xib in Resources */,
			);
			runOnlyForDeploymentPostprocessing = 0;
		};
		E21B45991AE04E8F007F10C5 /* Resources */ = {
			isa = PBXResourcesBuildPhase;
			buildActionMask = 2147483647;
			files = (
			);
			runOnlyForDeploymentPostprocessing = 0;
		};
/* End PBXResourcesBuildPhase section */

/* Begin PBXSourcesBuildPhase section */
		E21B45831AE04E8F007F10C5 /* Sources */ = {
			isa = PBXSourcesBuildPhase;
			buildActionMask = 2147483647;
			files = (
				E203093B1B6FB0A500BF658F /* WordOfKnowledge.swift in Sources */,
				E20309431B6FB77300BF658F /* PrayerInTheSpirit.swift in Sources */,
				E2643B9F1B5DD9FC006C280C /* ToolTipSpriteNode.swift in Sources */,
				E2F5473B1B5D2C43004F96D0 /* Winemaking.swift in Sources */,
				E21B45C61AE04EF6007F10C5 /* Item.swift in Sources */,
				E20309491B6FC01D00BF658F /* Servanthood.swift in Sources */,
				E21B45C21AE04EF6007F10C5 /* Conversation.swift in Sources */,
				E21B45CA1AE04EF6007F10C5 /* NonPlayingCharacter.swift in Sources */,
				E21B45C31AE04EF6007F10C5 /* GameCharacter.swift in Sources */,
				E21B45CC1AE04EF6007F10C5 /* Skill.swift in Sources */,
				E24EA3271BAC92E000716B5D /* PlaySoundButton.swift in Sources */,
				E20309411B6FB5C300BF658F /* OriginDiscernment.swift in Sources */,
				E20309571B6FC82A00BF658F /* Missionary.swift in Sources */,
				E21B458F1AE04E8F007F10C5 /* GameScene.swift in Sources */,
				E21B45D01AE04EF6007F10C5 /* WorldMap.swift in Sources */,
				E21B45C11AE04EF6007F10C5 /* City.swift in Sources */,
				E203093F1B6FB25D00BF658F /* Assurance.swift in Sources */,
				E21B45C71AE04EF6007F10C5 /* Knowledge.swift in Sources */,
				E21B45C41AE04EF6007F10C5 /* GameWorld.swift in Sources */,
				E203093D1B6FB1EB00BF658F /* WordOfWisdom.swift in Sources */,
				E2522A8B1AE0631900EDD89A /* Scroll.swift in Sources */,
				E20309471B6FBED300BF658F /* PersonalEncouragement.swift in Sources */,
				E21B458D1AE04E8F007F10C5 /* AppDelegate.swift in Sources */,
				E203094D1B6FC1B400BF658F /* CheerfulGiving.swift in Sources */,
				E20309451B6FB86100BF658F /* Interpretation.swift in Sources */,
				E2BE7A641B8A615D00A57242 /* MenuItem.swift in Sources */,
				E21B45CD1AE04EF6007F10C5 /* SpiritualGift.swift in Sources */,
				E20309391B6FAF4D00BF658F /* PersonalProphecy.swift in Sources */,
				E20309531B6FC56700BF658F /* Celibate.swift in Sources */,
				E203094B1B6FC0E300BF658F /* OneOnOneTeaching.swift in Sources */,
				E203094F1B6FC29400BF658F /* PartyLeadership.swift in Sources */,
				E21B45BF1AE04EF6007F10C5 /* BibleEvent.swift in Sources */,
				E29307D51BAE61B9009F8B6A /* StudySectionLabel.swift in Sources */,
				E21B45C01AE04EF6007F10C5 /* Building.swift in Sources */,
				E211865E1B697CE2005E9AA3 /* PhysicalHealing.swift in Sources */,
				E21B45CF1AE04EF6007F10C5 /* Wisdom.swift in Sources */,
				E2D52D631AEDE7670008879C /* Animal.swift in Sources */,
				E2BE7A6A1B8AA68A00A57242 /* HoverText.swift in Sources */,
				E28C4A511B4D7FC4001CD4A7 /* Tentmaking.swift in Sources */,
				E21B45CE1AE04EF6007F10C5 /* Understanding.swift in Sources */,
				E20309511B6FC43400BF658F /* FeedingThePoor.swift in Sources */,
				E2D52D611AEC88900008879C /* SKMultiLineLabel.swift in Sources */,
				E2522A911AE07ABA00EDD89A /* GridSquare.swift in Sources */,
				E21B45C81AE04EF6007F10C5 /* Location.swift in Sources */,
				E21B45C51AE04EF6007F10C5 /* Global.swift in Sources */,
				E20309551B6FC69D00BF658F /* Hospitality.swift in Sources */,
				E21B45CB1AE04EF6007F10C5 /* Room.swift in Sources */,
				E21325D01B7048AB00B1304F /* ShowImageButton.swift in Sources */,
			);
			runOnlyForDeploymentPostprocessing = 0;
		};
		E21B45971AE04E8F007F10C5 /* Sources */ = {
			isa = PBXSourcesBuildPhase;
			buildActionMask = 2147483647;
			files = (
				E21B45A21AE04E8F007F10C5 /* AnointedTests.swift in Sources */,
			);
			runOnlyForDeploymentPostprocessing = 0;
		};
/* End PBXSourcesBuildPhase section */

/* Begin PBXTargetDependency section */
		E21B459D1AE04E8F007F10C5 /* PBXTargetDependency */ = {
			isa = PBXTargetDependency;
			target = E21B45861AE04E8F007F10C5 /* Anointed */;
			targetProxy = E21B459C1AE04E8F007F10C5 /* PBXContainerItemProxy */;
		};
/* End PBXTargetDependency section */

/* Begin PBXVariantGroup section */
		E21B45941AE04E8F007F10C5 /* MainMenu.xib */ = {
			isa = PBXVariantGroup;
			children = (
				E21B45951AE04E8F007F10C5 /* Base */,
			);
			name = MainMenu.xib;
			sourceTree = "<group>";
		};
/* End PBXVariantGroup section */

/* Begin XCBuildConfiguration section */
		E21B45A31AE04E8F007F10C5 /* Debug */ = {
			isa = XCBuildConfiguration;
			buildSettings = {
				ALWAYS_SEARCH_USER_PATHS = NO;
				CLANG_CXX_LANGUAGE_STANDARD = "gnu++0x";
				CLANG_CXX_LIBRARY = "libc++";
				CLANG_ENABLE_MODULES = YES;
				CLANG_ENABLE_OBJC_ARC = YES;
				CLANG_WARN_BOOL_CONVERSION = YES;
				CLANG_WARN_CONSTANT_CONVERSION = YES;
				CLANG_WARN_DIRECT_OBJC_ISA_USAGE = YES_ERROR;
				CLANG_WARN_EMPTY_BODY = YES;
				CLANG_WARN_ENUM_CONVERSION = YES;
				CLANG_WARN_INT_CONVERSION = YES;
				CLANG_WARN_OBJC_ROOT_CLASS = YES_ERROR;
				CLANG_WARN_UNREACHABLE_CODE = YES;
				CLANG_WARN__DUPLICATE_METHOD_MATCH = YES;
				CODE_SIGN_IDENTITY = "-";
				COPY_PHASE_STRIP = NO;
				DEBUG_INFORMATION_FORMAT = dwarf;
				ENABLE_STRICT_OBJC_MSGSEND = YES;
				ENABLE_TESTABILITY = YES;
				GCC_C_LANGUAGE_STANDARD = gnu99;
				GCC_DYNAMIC_NO_PIC = NO;
				GCC_NO_COMMON_BLOCKS = YES;
				GCC_OPTIMIZATION_LEVEL = 0;
				GCC_PREPROCESSOR_DEFINITIONS = (
					"DEBUG=1",
					"$(inherited)",
				);
				GCC_SYMBOLS_PRIVATE_EXTERN = NO;
				GCC_WARN_64_TO_32_BIT_CONVERSION = YES;
				GCC_WARN_ABOUT_RETURN_TYPE = YES_ERROR;
				GCC_WARN_UNDECLARED_SELECTOR = YES;
				GCC_WARN_UNINITIALIZED_AUTOS = YES_AGGRESSIVE;
				GCC_WARN_UNUSED_FUNCTION = YES;
				GCC_WARN_UNUSED_VARIABLE = YES;
				MACOSX_DEPLOYMENT_TARGET = 10.10;
				MTL_ENABLE_DEBUG_INFO = YES;
				ONLY_ACTIVE_ARCH = YES;
				SDKROOT = macosx;
				SWIFT_OPTIMIZATION_LEVEL = "-Onone";
			};
			name = Debug;
		};
		E21B45A41AE04E8F007F10C5 /* Release */ = {
			isa = XCBuildConfiguration;
			buildSettings = {
				ALWAYS_SEARCH_USER_PATHS = NO;
				CLANG_CXX_LANGUAGE_STANDARD = "gnu++0x";
				CLANG_CXX_LIBRARY = "libc++";
				CLANG_ENABLE_MODULES = YES;
				CLANG_ENABLE_OBJC_ARC = YES;
				CLANG_WARN_BOOL_CONVERSION = YES;
				CLANG_WARN_CONSTANT_CONVERSION = YES;
				CLANG_WARN_DIRECT_OBJC_ISA_USAGE = YES_ERROR;
				CLANG_WARN_EMPTY_BODY = YES;
				CLANG_WARN_ENUM_CONVERSION = YES;
				CLANG_WARN_INT_CONVERSION = YES;
				CLANG_WARN_OBJC_ROOT_CLASS = YES_ERROR;
				CLANG_WARN_UNREACHABLE_CODE = YES;
				CLANG_WARN__DUPLICATE_METHOD_MATCH = YES;
				CODE_SIGN_IDENTITY = "-";
				COPY_PHASE_STRIP = NO;
				DEBUG_INFORMATION_FORMAT = "dwarf-with-dsym";
				ENABLE_NS_ASSERTIONS = NO;
				ENABLE_STRICT_OBJC_MSGSEND = YES;
				GCC_C_LANGUAGE_STANDARD = gnu99;
				GCC_NO_COMMON_BLOCKS = YES;
				GCC_WARN_64_TO_32_BIT_CONVERSION = YES;
				GCC_WARN_ABOUT_RETURN_TYPE = YES_ERROR;
				GCC_WARN_UNDECLARED_SELECTOR = YES;
				GCC_WARN_UNINITIALIZED_AUTOS = YES_AGGRESSIVE;
				GCC_WARN_UNUSED_FUNCTION = YES;
				GCC_WARN_UNUSED_VARIABLE = YES;
				MACOSX_DEPLOYMENT_TARGET = 10.10;
				MTL_ENABLE_DEBUG_INFO = NO;
				SDKROOT = macosx;
			};
			name = Release;
		};
		E21B45A61AE04E8F007F10C5 /* Debug */ = {
			isa = XCBuildConfiguration;
			buildSettings = {
				ASSETCATALOG_COMPILER_APPICON_NAME = AppIcon;
				COMBINE_HIDPI_IMAGES = YES;
				INFOPLIST_FILE = Anointed/Info.plist;
				LD_RUNPATH_SEARCH_PATHS = "$(inherited) @executable_path/../Frameworks";
				PRODUCT_BUNDLE_IDENTIFIER = "thinkmacinnovations.$(Anointed:rfc1034identifier)";
				PRODUCT_NAME = "$(TARGET_NAME)";
			};
			name = Debug;
		};
		E21B45A71AE04E8F007F10C5 /* Release */ = {
			isa = XCBuildConfiguration;
			buildSettings = {
				ASSETCATALOG_COMPILER_APPICON_NAME = AppIcon;
				COMBINE_HIDPI_IMAGES = YES;
				INFOPLIST_FILE = Anointed/Info.plist;
				LD_RUNPATH_SEARCH_PATHS = "$(inherited) @executable_path/../Frameworks";
				PRODUCT_BUNDLE_IDENTIFIER = "thinkmacinnovations.$(Anointed:rfc1034identifier)";
				PRODUCT_NAME = "$(TARGET_NAME)";
			};
			name = Release;
		};
		E21B45A91AE04E8F007F10C5 /* Debug */ = {
			isa = XCBuildConfiguration;
			buildSettings = {
				BUNDLE_LOADER = "$(TEST_HOST)";
				COMBINE_HIDPI_IMAGES = YES;
				FRAMEWORK_SEARCH_PATHS = (
					"$(DEVELOPER_FRAMEWORKS_DIR)",
					"$(inherited)",
				);
				GCC_PREPROCESSOR_DEFINITIONS = (
					"DEBUG=1",
					"$(inherited)",
				);
				INFOPLIST_FILE = AnointedTests/Info.plist;
				LD_RUNPATH_SEARCH_PATHS = "$(inherited) @executable_path/../Frameworks @loader_path/../Frameworks";
				PRODUCT_BUNDLE_IDENTIFIER = "thinkmacinnovations.$(Anointed:rfc1034identifier)";
				PRODUCT_NAME = "$(TARGET_NAME)";
				TEST_HOST = "$(BUILT_PRODUCTS_DIR)/Anointed.app/Contents/MacOS/Anointed";
			};
			name = Debug;
		};
		E21B45AA1AE04E8F007F10C5 /* Release */ = {
			isa = XCBuildConfiguration;
			buildSettings = {
				BUNDLE_LOADER = "$(TEST_HOST)";
				COMBINE_HIDPI_IMAGES = YES;
				FRAMEWORK_SEARCH_PATHS = (
					"$(DEVELOPER_FRAMEWORKS_DIR)",
					"$(inherited)",
				);
				INFOPLIST_FILE = AnointedTests/Info.plist;
				LD_RUNPATH_SEARCH_PATHS = "$(inherited) @executable_path/../Frameworks @loader_path/../Frameworks";
				PRODUCT_BUNDLE_IDENTIFIER = "thinkmacinnovations.$(Anointed:rfc1034identifier)";
				PRODUCT_NAME = "$(TARGET_NAME)";
				TEST_HOST = "$(BUILT_PRODUCTS_DIR)/Anointed.app/Contents/MacOS/Anointed";
			};
			name = Release;
		};
/* End XCBuildConfiguration section */

/* Begin XCConfigurationList section */
		E21B45821AE04E8F007F10C5 /* Build configuration list for PBXProject "Anointed" */ = {
			isa = XCConfigurationList;
			buildConfigurations = (
				E21B45A31AE04E8F007F10C5 /* Debug */,
				E21B45A41AE04E8F007F10C5 /* Release */,
			);
			defaultConfigurationIsVisible = 0;
			defaultConfigurationName = Release;
		};
		E21B45A51AE04E8F007F10C5 /* Build configuration list for PBXNativeTarget "Anointed" */ = {
			isa = XCConfigurationList;
			buildConfigurations = (
				E21B45A61AE04E8F007F10C5 /* Debug */,
				E21B45A71AE04E8F007F10C5 /* Release */,
			);
			defaultConfigurationIsVisible = 0;
			defaultConfigurationName = Release;
		};
		E21B45A81AE04E8F007F10C5 /* Build configuration list for PBXNativeTarget "AnointedTests" */ = {
			isa = XCConfigurationList;
			buildConfigurations = (
				E21B45A91AE04E8F007F10C5 /* Debug */,
				E21B45AA1AE04E8F007F10C5 /* Release */,
			);
			defaultConfigurationIsVisible = 0;
			defaultConfigurationName = Release;
		};
/* End XCConfigurationList section */
	};
	rootObject = E21B457F1AE04E8F007F10C5 /* Project object */;
}
